{
    "default": {
        "Flask-RESTful": "==0.3.5",
        "Flask-Script": "==2.0.5",
        "flask_script": "*",
        "MarkupSafe": "==1.0",
        "Flask": "==0.12.2",
        "six": "==1.10.0",
        "pymysql": "*",
        "flask": "*",
        "aniso8601": "==1.2.1",
        "pytz": "==2017.2",
        "Jinja2": "==2.9.6",
        "PyMySQL": "==0.7.11",
        "Werkzeug": "==0.12.2",
        "python-dateutil": "==2.6.0",
        "itsdangerous": "==0.24",
        "click": "==6.7",
        "flask_restful": "*"
    },
    "develop": {},
    "_meta": {
        "sources": [
            {
                "url": "https://pypi.org/",
                "verify_ssl": true
            }
        ],
        "requires": {},
        "Pipfile-sha256": "08114cd815ddf52c7c02d70fa91a32c1e6ab6d40f5cb80ec56d6bb0041e7961d"
    }
}